
Microsoft Visual Studio Solution File, Format Version 12.00
# Visual Studio Version 17
VisualStudioVersion = 17.12.35527.113
MinimumVisualStudioVersion = 10.0.40219.1
Project("{FAE04EC0-301F-11D3-BF4B-00C04F79EFBC}") = "practice problems", "practice problems\practice problems.csproj", "{A9AA1993-4BD8-4CD6-B5D1-4910A9F20BFE}"
EndProject
Project("{FAE04EC0-301F-11D3-BF4B-00C04F79EFBC}") = "OOPs", "OOPs\OOPs.csproj", "{3F7BCD54-C966-404B-88B6-C6E68C2E310C}"
EndProject
Project("{FAE04EC0-301F-11D3-BF4B-00C04F79EFBC}") = "Collections", "Collections\Collections.csproj", "{D1964E3D-C274-4D1F-92DD-765A4E2044CF}"
EndProject
Project("{FAE04EC0-301F-11D3-BF4B-00C04F79EFBC}") = "lambda", "lambda\lambda.csproj", "{DCE8C92F-94D2-44F3-BE1C-7E8FFA6C95AA}"
EndProject
Project("{FAE04EC0-301F-11D3-BF4B-00C04F79EFBC}") = "DataAnnotationsAndRegex", "DataAnnotationsAndRegex\DataAnnotationsAndRegex.csproj", "{3E58B9C6-8C30-4A5B-8270-5CFD2A0E6C0D}"
EndProject
Project("{FAE04EC0-301F-11D3-BF4B-00C04F79EFBC}") = "BasicProgrammsForTesting", "BasicProgrammsForTesting\BasicProgrammsForTesting.csproj", "{C879437E-CF13-4283-8173-D3F553831D8A}"
EndProject
Project("{FAE04EC0-301F-11D3-BF4B-00C04F79EFBC}") = "NUnitTestingForBasicProgramms", "NUnitTestingForBasicProgramms\NUnitTestingForBasicProgramms.csproj", "{04C0855A-5DF2-4443-BB96-2D0FB7770A96}"
EndProject
Project("{FAE04EC0-301F-11D3-BF4B-00C04F79EFBC}") = "MSTestingForBasicPrograms", "MSTestingForBasicPrograms\MSTestingForBasicPrograms.csproj", "{0579879E-5C8C-475F-96ED-C83767355D17}"
EndProject
Project("{FAE04EC0-301F-11D3-BF4B-00C04F79EFBC}") = "OnlyForReview", "OnlyForReview\OnlyForReview.csproj", "{28765816-E8B9-4697-A554-1088EA8775E5}"
EndProject
Global
	GlobalSection(SolutionConfigurationPlatforms) = preSolution
		Debug|Any CPU = Debug|Any CPU
		Release|Any CPU = Release|Any CPU
	EndGlobalSection
	GlobalSection(ProjectConfigurationPlatforms) = postSolution
		{A9AA1993-4BD8-4CD6-B5D1-4910A9F20BFE}.Debug|Any CPU.ActiveCfg = Debug|Any CPU
		{A9AA1993-4BD8-4CD6-B5D1-4910A9F20BFE}.Debug|Any CPU.Build.0 = Debug|Any CPU
		{A9AA1993-4BD8-4CD6-B5D1-4910A9F20BFE}.Release|Any CPU.ActiveCfg = Release|Any CPU
		{A9AA1993-4BD8-4CD6-B5D1-4910A9F20BFE}.Release|Any CPU.Build.0 = Release|Any CPU
		{3F7BCD54-C966-404B-88B6-C6E68C2E310C}.Debug|Any CPU.ActiveCfg = Debug|Any CPU
		{3F7BCD54-C966-404B-88B6-C6E68C2E310C}.Debug|Any CPU.Build.0 = Debug|Any CPU
		{3F7BCD54-C966-404B-88B6-C6E68C2E310C}.Release|Any CPU.ActiveCfg = Release|Any CPU
		{3F7BCD54-C966-404B-88B6-C6E68C2E310C}.Release|Any CPU.Build.0 = Release|Any CPU
		{D1964E3D-C274-4D1F-92DD-765A4E2044CF}.Debug|Any CPU.ActiveCfg = Debug|Any CPU
		{D1964E3D-C274-4D1F-92DD-765A4E2044CF}.Debug|Any CPU.Build.0 = Debug|Any CPU
		{D1964E3D-C274-4D1F-92DD-765A4E2044CF}.Release|Any CPU.ActiveCfg = Release|Any CPU
		{D1964E3D-C274-4D1F-92DD-765A4E2044CF}.Release|Any CPU.Build.0 = Release|Any CPU
		{DCE8C92F-94D2-44F3-BE1C-7E8FFA6C95AA}.Debug|Any CPU.ActiveCfg = Debug|Any CPU
		{DCE8C92F-94D2-44F3-BE1C-7E8FFA6C95AA}.Debug|Any CPU.Build.0 = Debug|Any CPU
		{DCE8C92F-94D2-44F3-BE1C-7E8FFA6C95AA}.Release|Any CPU.ActiveCfg = Release|Any CPU
		{DCE8C92F-94D2-44F3-BE1C-7E8FFA6C95AA}.Release|Any CPU.Build.0 = Release|Any CPU
		{3E58B9C6-8C30-4A5B-8270-5CFD2A0E6C0D}.Debug|Any CPU.ActiveCfg = Debug|Any CPU
		{3E58B9C6-8C30-4A5B-8270-5CFD2A0E6C0D}.Debug|Any CPU.Build.0 = Debug|Any CPU
		{3E58B9C6-8C30-4A5B-8270-5CFD2A0E6C0D}.Release|Any CPU.ActiveCfg = Release|Any CPU
		{3E58B9C6-8C30-4A5B-8270-5CFD2A0E6C0D}.Release|Any CPU.Build.0 = Release|Any CPU
		{C879437E-CF13-4283-8173-D3F553831D8A}.Debug|Any CPU.ActiveCfg = Debug|Any CPU
		{C879437E-CF13-4283-8173-D3F553831D8A}.Debug|Any CPU.Build.0 = Debug|Any CPU
		{C879437E-CF13-4283-8173-D3F553831D8A}.Release|Any CPU.ActiveCfg = Release|Any CPU
		{C879437E-CF13-4283-8173-D3F553831D8A}.Release|Any CPU.Build.0 = Release|Any CPU
		{04C0855A-5DF2-4443-BB96-2D0FB7770A96}.Debug|Any CPU.ActiveCfg = Debug|Any CPU
		{04C0855A-5DF2-4443-BB96-2D0FB7770A96}.Debug|Any CPU.Build.0 = Debug|Any CPU
		{04C0855A-5DF2-4443-BB96-2D0FB7770A96}.Release|Any CPU.ActiveCfg = Release|Any CPU
		{04C0855A-5DF2-4443-BB96-2D0FB7770A96}.Release|Any CPU.Build.0 = Release|Any CPU
		{0579879E-5C8C-475F-96ED-C83767355D17}.Debug|Any CPU.ActiveCfg = Debug|Any CPU
		{0579879E-5C8C-475F-96ED-C83767355D17}.Debug|Any CPU.Build.0 = Debug|Any CPU
		{0579879E-5C8C-475F-96ED-C83767355D17}.Release|Any CPU.ActiveCfg = Release|Any CPU
		{0579879E-5C8C-475F-96ED-C83767355D17}.Release|Any CPU.Build.0 = Release|Any CPU
		{28765816-E8B9-4697-A554-1088EA8775E5}.Debug|Any CPU.ActiveCfg = Debug|Any CPU
		{28765816-E8B9-4697-A554-1088EA8775E5}.Debug|Any CPU.Build.0 = Debug|Any CPU
		{28765816-E8B9-4697-A554-1088EA8775E5}.Release|Any CPU.ActiveCfg = Release|Any CPU
		{28765816-E8B9-4697-A554-1088EA8775E5}.Release|Any CPU.Build.0 = Release|Any CPU
	EndGlobalSection
	GlobalSection(SolutionProperties) = preSolution
		HideSolutionNode = FALSE
	EndGlobalSection
EndGlobal
